{
  "name": "rxweb-types",
  "version": "0.0.1",
  "lockfileVersion": 1,
  "requires": true,
  "dependencies": {
    "@rxweb/types": {
      "version": "1.0.5",
      "resolved": "https://registry.npmjs.org/@rxweb/types/-/types-1.0.5.tgz",
      "integrity": "sha512-+8s5ANmmJY2m8ykydOj4/CHecbd8mGhWzy/wLxhYt+gp5f7MH86nSdx912Zb1609b+o9Z0WQBNW+q8rngMLhcg==",
      "requires": {
        "tslib": "^1.9.0"
      },
      "dependencies": {
        "tslib": {
          "version": "1.13.0",
          "resolved": "https://registry.npmjs.org/tslib/-/tslib-1.13.0.tgz",
          "integrity": "sha512-i/6DQjL8Xf3be4K/E6Wgpekn5Qasl1usyw++dAA35Ue5orEn65VIxOA+YvNNl9HV3qv70T7CNwjODHZrLwvd1Q=="
        }
      }
    }
  }
}
